// !$*UTF8*$!
{
	archiveVersion = 1;
	classes = {
	};
	objectVersion = 50;
	objects = {

/* Begin PBXBuildFile section */
		3F0484A92294FD34004CC8E1 /* SchoolClass+CoreDataProperties.swift in Sources */ = {isa = PBXBuildFile; fileRef = 3F0484A62294FD34004CC8E1 /* SchoolClass+CoreDataProperties.swift */; };
		3F0484AD22950159004CC8E1 /* AddAssignmentView.swift in Sources */ = {isa = PBXBuildFile; fileRef = 3F0484AC22950159004CC8E1 /* AddAssignmentView.swift */; };
		3F4D04082295FE160031E5D9 /* Assignment+CoreDataClass.swift in Sources */ = {isa = PBXBuildFile; fileRef = 3F4D04062295FE160031E5D9 /* Assignment+CoreDataClass.swift */; };
		3F4D04092295FE160031E5D9 /* Assignment+CoreDataProperties.swift in Sources */ = {isa = PBXBuildFile; fileRef = 3F4D04072295FE160031E5D9 /* Assignment+CoreDataProperties.swift */; };
		3F681C022290922B0046690C /* CompletedViewController.swift in Sources */ = {isa = PBXBuildFile; fileRef = 3F681C012290922B0046690C /* CompletedViewController.swift */; };
		3F681C0622909E1F0046690C /* AddFormviewController.swift in Sources */ = {isa = PBXBuildFile; fileRef = 3F681C0522909E1F0046690C /* AddFormviewController.swift */; };
		3F681C08229217290046690C /* AddClassView.swift in Sources */ = {isa = PBXBuildFile; fileRef = 3F681C07229217290046690C /* AddClassView.swift */; };
		3F7C2CFA22978F6A00E28110 /* EditAssignmentViewController.swift in Sources */ = {isa = PBXBuildFile; fileRef = 3F7C2CF922978F6A00E28110 /* EditAssignmentViewController.swift */; };
		3F83383A22934EEF00BAFA4F /* Homework.xcdatamodeld in Sources */ = {isa = PBXBuildFile; fileRef = 3F83383822934EEF00BAFA4F /* Homework.xcdatamodeld */; };
		3FA38FE6228624E700BFC118 /* AppDelegate.swift in Sources */ = {isa = PBXBuildFile; fileRef = 3FA38FE5228624E700BFC118 /* AppDelegate.swift */; };
		3FA38FE8228624E700BFC118 /* TabBarController.swift in Sources */ = {isa = PBXBuildFile; fileRef = 3FA38FE7228624E700BFC118 /* TabBarController.swift */; };
		3FA38FED228624E900BFC118 /* Assets.xcassets in Resources */ = {isa = PBXBuildFile; fileRef = 3FA38FEC228624E900BFC118 /* Assets.xcassets */; };
		3FA38FFB228624E900BFC118 /* HomeworkTests.swift in Sources */ = {isa = PBXBuildFile; fileRef = 3FA38FFA228624E900BFC118 /* HomeworkTests.swift */; };
		3FA39006228624E900BFC118 /* HomeworkUITests.swift in Sources */ = {isa = PBXBuildFile; fileRef = 3FA39005228624E900BFC118 /* HomeworkUITests.swift */; };
		3FA761DE22973B8C00CF2F03 /* ViewAssignmentViewController.swift in Sources */ = {isa = PBXBuildFile; fileRef = 3FA761DD22973B8C00CF2F03 /* ViewAssignmentViewController.swift */; };
		3FBF8ECA2293A077006DD723 /* SchoolClass+CoreDataClass.swift in Sources */ = {isa = PBXBuildFile; fileRef = 3FBF8EC82293A077006DD723 /* SchoolClass+CoreDataClass.swift */; };
		3FEA94072294892900F6A0F2 /* EditClassViewController.swift in Sources */ = {isa = PBXBuildFile; fileRef = 3FEA94062294892900F6A0F2 /* EditClassViewController.swift */; };
		3FEE60A3228764620070F893 /* PendingViewController.swift in Sources */ = {isa = PBXBuildFile; fileRef = 3FEE60A2228764620070F893 /* PendingViewController.swift */; };
		3FEE60A52287647E0070F893 /* AddViewController.swift in Sources */ = {isa = PBXBuildFile; fileRef = 3FEE60A42287647E0070F893 /* AddViewController.swift */; };
		3FFBF68A22964FD0001ECE93 /* PendingCellView.swift in Sources */ = {isa = PBXBuildFile; fileRef = 3FFBF68922964FD0001ECE93 /* PendingCellView.swift */; };
/* End PBXBuildFile section */

/* Begin PBXContainerItemProxy section */
		3FA38FF7228624E900BFC118 /* PBXContainerItemProxy */ = {
			isa = PBXContainerItemProxy;
			containerPortal = 3FA38FDA228624E700BFC118 /* Project object */;
			proxyType = 1;
			remoteGlobalIDString = 3FA38FE1228624E700BFC118;
			remoteInfo = Homework;
		};
		3FA39002228624E900BFC118 /* PBXContainerItemProxy */ = {
			isa = PBXContainerItemProxy;
			containerPortal = 3FA38FDA228624E700BFC118 /* Project object */;
			proxyType = 1;
			remoteGlobalIDString = 3FA38FE1228624E700BFC118;
			remoteInfo = Homework;
		};
/* End PBXContainerItemProxy section */

/* Begin PBXFileReference section */
		3F0484A62294FD34004CC8E1 /* SchoolClass+CoreDataProperties.swift */ = {isa = PBXFileReference; lastKnownFileType = sourcecode.swift; name = "SchoolClass+CoreDataProperties.swift"; path = "Homework/SchoolClass+CoreDataProperties.swift"; sourceTree = "<group>"; };
		3F0484AC22950159004CC8E1 /* AddAssignmentView.swift */ = {isa = PBXFileReference; lastKnownFileType = sourcecode.swift; path = AddAssignmentView.swift; sourceTree = "<group>"; };
		3F4D04062295FE160031E5D9 /* Assignment+CoreDataClass.swift */ = {isa = PBXFileReference; lastKnownFileType = sourcecode.swift; path = "Assignment+CoreDataClass.swift"; sourceTree = "<group>"; };
		3F4D04072295FE160031E5D9 /* Assignment+CoreDataProperties.swift */ = {isa = PBXFileReference; lastKnownFileType = sourcecode.swift; path = "Assignment+CoreDataProperties.swift"; sourceTree = "<group>"; };
		3F681C012290922B0046690C /* CompletedViewController.swift */ = {isa = PBXFileReference; lastKnownFileType = sourcecode.swift; path = CompletedViewController.swift; sourceTree = "<group>"; };
		3F681C0522909E1F0046690C /* AddFormviewController.swift */ = {isa = PBXFileReference; lastKnownFileType = sourcecode.swift; path = AddFormviewController.swift; sourceTree = "<group>"; };
		3F681C07229217290046690C /* AddClassView.swift */ = {isa = PBXFileReference; lastKnownFileType = sourcecode.swift; path = AddClassView.swift; sourceTree = "<group>"; };
		3F7C2CF922978F6A00E28110 /* EditAssignmentViewController.swift */ = {isa = PBXFileReference; lastKnownFileType = sourcecode.swift; path = EditAssignmentViewController.swift; sourceTree = "<group>"; };
		3F83383922934EEF00BAFA4F /* Homework.xcdatamodel */ = {isa = PBXFileReference; lastKnownFileType = wrapper.xcdatamodel; path = Homework.xcdatamodel; sourceTree = "<group>"; };
		3FA38FE2228624E700BFC118 /* Homework.app */ = {isa = PBXFileReference; explicitFileType = wrapper.application; includeInIndex = 0; path = Homework.app; sourceTree = BUILT_PRODUCTS_DIR; };
		3FA38FE5228624E700BFC118 /* AppDelegate.swift */ = {isa = PBXFileReference; lastKnownFileType = sourcecode.swift; path = AppDelegate.swift; sourceTree = "<group>"; };
		3FA38FE7228624E700BFC118 /* TabBarController.swift */ = {isa = PBXFileReference; lastKnownFileType = sourcecode.swift; path = TabBarController.swift; sourceTree = "<group>"; };
		3FA38FEC228624E900BFC118 /* Assets.xcassets */ = {isa = PBXFileReference; lastKnownFileType = folder.assetcatalog; path = Assets.xcassets; sourceTree = "<group>"; };
		3FA38FF1228624E900BFC118 /* Info.plist */ = {isa = PBXFileReference; lastKnownFileType = text.plist.xml; path = Info.plist; sourceTree = "<group>"; };
		3FA38FF6228624E900BFC118 /* HomeworkTests.xctest */ = {isa = PBXFileReference; explicitFileType = wrapper.cfbundle; includeInIndex = 0; path = HomeworkTests.xctest; sourceTree = BUILT_PRODUCTS_DIR; };
		3FA38FFA228624E900BFC118 /* HomeworkTests.swift */ = {isa = PBXFileReference; lastKnownFileType = sourcecode.swift; path = HomeworkTests.swift; sourceTree = "<group>"; };
		3FA38FFC228624E900BFC118 /* Info.plist */ = {isa = PBXFileReference; lastKnownFileType = text.plist.xml; path = Info.plist; sourceTree = "<group>"; };
		3FA39001228624E900BFC118 /* HomeworkUITests.xctest */ = {isa = PBXFileReference; explicitFileType = wrapper.cfbundle; includeInIndex = 0; path = HomeworkUITests.xctest; sourceTree = BUILT_PRODUCTS_DIR; };
		3FA39005228624E900BFC118 /* HomeworkUITests.swift */ = {isa = PBXFileReference; lastKnownFileType = sourcecode.swift; path = HomeworkUITests.swift; sourceTree = "<group>"; };
		3FA39007228624E900BFC118 /* Info.plist */ = {isa = PBXFileReference; lastKnownFileType = text.plist.xml; path = Info.plist; sourceTree = "<group>"; };
		3FA761DD22973B8C00CF2F03 /* ViewAssignmentViewController.swift */ = {isa = PBXFileReference; lastKnownFileType = sourcecode.swift; path = ViewAssignmentViewController.swift; sourceTree = "<group>"; };
		3FBF8EC82293A077006DD723 /* SchoolClass+CoreDataClass.swift */ = {isa = PBXFileReference; lastKnownFileType = sourcecode.swift; name = "SchoolClass+CoreDataClass.swift"; path = "Homework/SchoolClass+CoreDataClass.swift"; sourceTree = "<group>"; };
		3FEA94062294892900F6A0F2 /* EditClassViewController.swift */ = {isa = PBXFileReference; lastKnownFileType = sourcecode.swift; path = EditClassViewController.swift; sourceTree = "<group>"; };
		3FEE60A2228764620070F893 /* PendingViewController.swift */ = {isa = PBXFileReference; lastKnownFileType = sourcecode.swift; path = PendingViewController.swift; sourceTree = "<group>"; };
		3FEE60A42287647E0070F893 /* AddViewController.swift */ = {isa = PBXFileReference; lastKnownFileType = sourcecode.swift; path = AddViewController.swift; sourceTree = "<group>"; };
		3FFBF68922964FD0001ECE93 /* PendingCellView.swift */ = {isa = PBXFileReference; lastKnownFileType = sourcecode.swift; path = PendingCellView.swift; sourceTree = "<group>"; };
/* End PBXFileReference section */

/* Begin PBXFrameworksBuildPhase section */
		3FA38FDF228624E700BFC118 /* Frameworks */ = {
			isa = PBXFrameworksBuildPhase;
			buildActionMask = 2147483647;
			files = (
			);
			runOnlyForDeploymentPostprocessing = 0;
		};
		3FA38FF3228624E900BFC118 /* Frameworks */ = {
			isa = PBXFrameworksBuildPhase;
			buildActionMask = 2147483647;
			files = (
			);
			runOnlyForDeploymentPostprocessing = 0;
		};
		3FA38FFE228624E900BFC118 /* Frameworks */ = {
			isa = PBXFrameworksBuildPhase;
			buildActionMask = 2147483647;
			files = (
			);
			runOnlyForDeploymentPostprocessing = 0;
		};
/* End PBXFrameworksBuildPhase section */

/* Begin PBXGroup section */
		3FA38FD9228624E700BFC118 = {
			isa = PBXGroup;
			children = (
				3F4D04062295FE160031E5D9 /* Assignment+CoreDataClass.swift */,
				3F4D04072295FE160031E5D9 /* Assignment+CoreDataProperties.swift */,
				3F0484A62294FD34004CC8E1 /* SchoolClass+CoreDataProperties.swift */,
				3FBF8EC82293A077006DD723 /* SchoolClass+CoreDataClass.swift */,
				3FA38FE4228624E700BFC118 /* Homework */,
				3FA38FF9228624E900BFC118 /* HomeworkTests */,
				3FA39004228624E900BFC118 /* HomeworkUITests */,
				3FA38FE3228624E700BFC118 /* Products */,
			);
			sourceTree = "<group>";
		};
		3FA38FE3228624E700BFC118 /* Products */ = {
			isa = PBXGroup;
			children = (
				3FA38FE2228624E700BFC118 /* Homework.app */,
				3FA38FF6228624E900BFC118 /* HomeworkTests.xctest */,
				3FA39001228624E900BFC118 /* HomeworkUITests.xctest */,
			);
			name = Products;
			sourceTree = "<group>";
		};
		3FA38FE4228624E700BFC118 /* Homework */ = {
			isa = PBXGroup;
			children = (
				3FA38FE5228624E700BFC118 /* AppDelegate.swift */,
				3FA38FE7228624E700BFC118 /* TabBarController.swift */,
				3FEE60A2228764620070F893 /* PendingViewController.swift */,
				3FA761DD22973B8C00CF2F03 /* ViewAssignmentViewController.swift */,
				3F7C2CF922978F6A00E28110 /* EditAssignmentViewController.swift */,
				3FFBF68922964FD0001ECE93 /* PendingCellView.swift */,
				3F681C012290922B0046690C /* CompletedViewController.swift */,
				3FEE60A42287647E0070F893 /* AddViewController.swift */,
				3F681C0522909E1F0046690C /* AddFormviewController.swift */,
				3FEA94062294892900F6A0F2 /* EditClassViewController.swift */,
				3F0484AC22950159004CC8E1 /* AddAssignmentView.swift */,
				3F681C07229217290046690C /* AddClassView.swift */,
				3FA38FEC228624E900BFC118 /* Assets.xcassets */,
				3F83383822934EEF00BAFA4F /* Homework.xcdatamodeld */,
				3FA38FF1228624E900BFC118 /* Info.plist */,
			);
			path = Homework;
			sourceTree = "<group>";
		};
		3FA38FF9228624E900BFC118 /* HomeworkTests */ = {
			isa = PBXGroup;
			children = (
				3FA38FFA228624E900BFC118 /* HomeworkTests.swift */,
				3FA38FFC228624E900BFC118 /* Info.plist */,
			);
			path = HomeworkTests;
			sourceTree = "<group>";
		};
		3FA39004228624E900BFC118 /* HomeworkUITests */ = {
			isa = PBXGroup;
			children = (
				3FA39005228624E900BFC118 /* HomeworkUITests.swift */,
				3FA39007228624E900BFC118 /* Info.plist */,
			);
			path = HomeworkUITests;
			sourceTree = "<group>";
		};
/* End PBXGroup section */

/* Begin PBXNativeTarget section */
		3FA38FE1228624E700BFC118 /* Homework */ = {
			isa = PBXNativeTarget;
			buildConfigurationList = 3FA3900A228624E900BFC118 /* Build configuration list for PBXNativeTarget "Homework" */;
			buildPhases = (
				3FA38FDE228624E700BFC118 /* Sources */,
				3FA38FDF228624E700BFC118 /* Frameworks */,
				3FA38FE0228624E700BFC118 /* Resources */,
			);
			buildRules = (
			);
			dependencies = (
			);
			name = Homework;
			productName = Homework;
			productReference = 3FA38FE2228624E700BFC118 /* Homework.app */;
			productType = "com.apple.product-type.application";
		};
		3FA38FF5228624E900BFC118 /* HomeworkTests */ = {
			isa = PBXNativeTarget;
			buildConfigurationList = 3FA3900D228624E900BFC118 /* Build configuration list for PBXNativeTarget "HomeworkTests" */;
			buildPhases = (
				3FA38FF2228624E900BFC118 /* Sources */,
				3FA38FF3228624E900BFC118 /* Frameworks */,
				3FA38FF4228624E900BFC118 /* Resources */,
			);
			buildRules = (
			);
			dependencies = (
				3FA38FF8228624E900BFC118 /* PBXTargetDependency */,
			);
			name = HomeworkTests;
			productName = HomeworkTests;
			productReference = 3FA38FF6228624E900BFC118 /* HomeworkTests.xctest */;
			productType = "com.apple.product-type.bundle.unit-test";
		};
		3FA39000228624E900BFC118 /* HomeworkUITests */ = {
			isa = PBXNativeTarget;
			buildConfigurationList = 3FA39010228624E900BFC118 /* Build configuration list for PBXNativeTarget "HomeworkUITests" */;
			buildPhases = (
				3FA38FFD228624E900BFC118 /* Sources */,
				3FA38FFE228624E900BFC118 /* Frameworks */,
				3FA38FFF228624E900BFC118 /* Resources */,
			);
			buildRules = (
			);
			dependencies = (
				3FA39003228624E900BFC118 /* PBXTargetDependency */,
			);
			name = HomeworkUITests;
			productName = HomeworkUITests;
			productReference = 3FA39001228624E900BFC118 /* HomeworkUITests.xctest */;
			productType = "com.apple.product-type.bundle.ui-testing";
		};
/* End PBXNativeTarget section */

/* Begin PBXProject section */
		3FA38FDA228624E700BFC118 /* Project object */ = {
			isa = PBXProject;
			attributes = {
				LastSwiftUpdateCheck = 1020;
				LastUpgradeCheck = 1020;
				ORGANIZATIONNAME = "Javier Quintero";
				TargetAttributes = {
					3FA38FE1228624E700BFC118 = {
						CreatedOnToolsVersion = 10.2.1;
					};
					3FA38FF5228624E900BFC118 = {
						CreatedOnToolsVersion = 10.2.1;
						TestTargetID = 3FA38FE1228624E700BFC118;
					};
					3FA39000228624E900BFC118 = {
						CreatedOnToolsVersion = 10.2.1;
						TestTargetID = 3FA38FE1228624E700BFC118;
					};
				};
			};
			buildConfigurationList = 3FA38FDD228624E700BFC118 /* Build configuration list for PBXProject "Homework" */;
			compatibilityVersion = "Xcode 9.3";
			developmentRegion = en;
			hasScannedForEncodings = 0;
			knownRegions = (
				en,
				Base,
			);
			mainGroup = 3FA38FD9228624E700BFC118;
			productRefGroup = 3FA38FE3228624E700BFC118 /* Products */;
			projectDirPath = "";
			projectRoot = "";
			targets = (
				3FA38FE1228624E700BFC118 /* Homework */,
				3FA38FF5228624E900BFC118 /* HomeworkTests */,
				3FA39000228624E900BFC118 /* HomeworkUITests */,
			);
		};
/* End PBXProject section */

/* Begin PBXResourcesBuildPhase section */
		3FA38FE0228624E700BFC118 /* Resources */ = {
			isa = PBXResourcesBuildPhase;
			buildActionMask = 2147483647;
			files = (
				3FA38FED228624E900BFC118 /* Assets.xcassets in Resources */,
			);
			runOnlyForDeploymentPostprocessing = 0;
		};
		3FA38FF4228624E900BFC118 /* Resources */ = {
			isa = PBXResourcesBuildPhase;
			buildActionMask = 2147483647;
			files = (
			);
			runOnlyForDeploymentPostprocessing = 0;
		};
		3FA38FFF228624E900BFC118 /* Resources */ = {
			isa = PBXResourcesBuildPhase;
			buildActionMask = 2147483647;
			files = (
			);
			runOnlyForDeploymentPostprocessing = 0;
		};
/* End PBXResourcesBuildPhase section */

/* Begin PBXSourcesBuildPhase section */
		3FA38FDE228624E700BFC118 /* Sources */ = {
			isa = PBXSourcesBuildPhase;
			buildActionMask = 2147483647;
			files = (
				3FA761DE22973B8C00CF2F03 /* ViewAssignmentViewController.swift in Sources */,
				3FFBF68A22964FD0001ECE93 /* PendingCellView.swift in Sources */,
				3F83383A22934EEF00BAFA4F /* Homework.xcdatamodeld in Sources */,
				3FEE60A3228764620070F893 /* PendingViewController.swift in Sources */,
				3F4D04092295FE160031E5D9 /* Assignment+CoreDataProperties.swift in Sources */,
				3F4D04082295FE160031E5D9 /* Assignment+CoreDataClass.swift in Sources */,
				3FA38FE8228624E700BFC118 /* TabBarController.swift in Sources */,
				3F7C2CFA22978F6A00E28110 /* EditAssignmentViewController.swift in Sources */,
				3F681C0622909E1F0046690C /* AddFormviewController.swift in Sources */,
				3F0484AD22950159004CC8E1 /* AddAssignmentView.swift in Sources */,
				3FEA94072294892900F6A0F2 /* EditClassViewController.swift in Sources */,
				3FBF8ECA2293A077006DD723 /* SchoolClass+CoreDataClass.swift in Sources */,
				3FEE60A52287647E0070F893 /* AddViewController.swift in Sources */,
				3F681C022290922B0046690C /* CompletedViewController.swift in Sources */,
				3FA38FE6228624E700BFC118 /* AppDelegate.swift in Sources */,
				3F0484A92294FD34004CC8E1 /* SchoolClass+CoreDataProperties.swift in Sources */,
				3F681C08229217290046690C /* AddClassView.swift in Sources */,
			);
			runOnlyForDeploymentPostprocessing = 0;
		};
		3FA38FF2228624E900BFC118 /* Sources */ = {
			isa = PBXSourcesBuildPhase;
			buildActionMask = 2147483647;
			files = (
				3FA38FFB228624E900BFC118 /* HomeworkTests.swift in Sources */,
			);
			runOnlyForDeploymentPostprocessing = 0;
		};
		3FA38FFD228624E900BFC118 /* Sources */ = {
			isa = PBXSourcesBuildPhase;
			buildActionMask = 2147483647;
			files = (
				3FA39006228624E900BFC118 /* HomeworkUITests.swift in Sources */,
			);
			runOnlyForDeploymentPostprocessing = 0;
		};
/* End PBXSourcesBuildPhase section */

/* Begin PBXTargetDependency section */
		3FA38FF8228624E900BFC118 /* PBXTargetDependency */ = {
			isa = PBXTargetDependency;
			target = 3FA38FE1228624E700BFC118 /* Homework */;
			targetProxy = 3FA38FF7228624E900BFC118 /* PBXContainerItemProxy */;
		};
		3FA39003228624E900BFC118 /* PBXTargetDependency */ = {
			isa = PBXTargetDependency;
			target = 3FA38FE1228624E700BFC118 /* Homework */;
			targetProxy = 3FA39002228624E900BFC118 /* PBXContainerItemProxy */;
		};
/* End PBXTargetDependency section */

/* Begin XCBuildConfiguration section */
		3FA39008228624E900BFC118 /* Debug */ = {
			isa = XCBuildConfiguration;
			buildSettings = {
				ALWAYS_SEARCH_USER_PATHS = NO;
				CLANG_ANALYZER_NONNULL = YES;
				CLANG_ANALYZER_NUMBER_OBJECT_CONVERSION = YES_AGGRESSIVE;
				CLANG_CXX_LANGUAGE_STANDARD = "gnu++14";
				CLANG_CXX_LIBRARY = "libc++";
				CLANG_ENABLE_MODULES = YES;
				CLANG_ENABLE_OBJC_ARC = YES;
				CLANG_ENABLE_OBJC_WEAK = YES;
				CLANG_WARN_BLOCK_CAPTURE_AUTORELEASING = YES;
				CLANG_WARN_BOOL_CONVERSION = YES;
				CLANG_WARN_COMMA = YES;
				CLANG_WARN_CONSTANT_CONVERSION = YES;
				CLANG_WARN_DEPRECATED_OBJC_IMPLEMENTATIONS = YES;
				CLANG_WARN_DIRECT_OBJC_ISA_USAGE = YES_ERROR;
				CLANG_WARN_DOCUMENTATION_COMMENTS = YES;
				CLANG_WARN_EMPTY_BODY = YES;
				CLANG_WARN_ENUM_CONVERSION = YES;
				CLANG_WARN_INFINITE_RECURSION = YES;
				CLANG_WARN_INT_CONVERSION = YES;
				CLANG_WARN_NON_LITERAL_NULL_CONVERSION = YES;
				CLANG_WARN_OBJC_IMPLICIT_RETAIN_SELF = YES;
				CLANG_WARN_OBJC_LITERAL_CONVERSION = YES;
				CLANG_WARN_OBJC_ROOT_CLASS = YES_ERROR;
				CLANG_WARN_RANGE_LOOP_ANALYSIS = YES;
				CLANG_WARN_STRICT_PROTOTYPES = YES;
				CLANG_WARN_SUSPICIOUS_MOVE = YES;
				CLANG_WARN_UNGUARDED_AVAILABILITY = YES_AGGRESSIVE;
				CLANG_WARN_UNREACHABLE_CODE = YES;
				CLANG_WARN__DUPLICATE_METHOD_MATCH = YES;
				CODE_SIGN_IDENTITY = "iPhone Developer";
				COPY_PHASE_STRIP = NO;
				DEBUG_INFORMATION_FORMAT = dwarf;
				ENABLE_STRICT_OBJC_MSGSEND = YES;
				ENABLE_TESTABILITY = YES;
				GCC_C_LANGUAGE_STANDARD = gnu11;
				GCC_DYNAMIC_NO_PIC = NO;
				GCC_NO_COMMON_BLOCKS = YES;
				GCC_OPTIMIZATION_LEVEL = 0;
				GCC_PREPROCESSOR_DEFINITIONS = (
					"DEBUG=1",
					"$(inherited)",
				);
				GCC_WARN_64_TO_32_BIT_CONVERSION = YES;
				GCC_WARN_ABOUT_RETURN_TYPE = YES_ERROR;
				GCC_WARN_UNDECLARED_SELECTOR = YES;
				GCC_WARN_UNINITIALIZED_AUTOS = YES_AGGRESSIVE;
				GCC_WARN_UNUSED_FUNCTION = YES;
				GCC_WARN_UNUSED_VARIABLE = YES;
				IPHONEOS_DEPLOYMENT_TARGET = 12.2;
				MTL_ENABLE_DEBUG_INFO = INCLUDE_SOURCE;
				MTL_FAST_MATH = YES;
				ONLY_ACTIVE_ARCH = YES;
				SDKROOT = iphoneos;
				SWIFT_ACTIVE_COMPILATION_CONDITIONS = DEBUG;
				SWIFT_OPTIMIZATION_LEVEL = "-Onone";
			};
			name = Debug;
		};
		3FA39009228624E900BFC118 /* Release */ = {
			isa = XCBuildConfiguration;
			buildSettings = {
				ALWAYS_SEARCH_USER_PATHS = NO;
				CLANG_ANALYZER_NONNULL = YES;
				CLANG_ANALYZER_NUMBER_OBJECT_CONVERSION = YES_AGGRESSIVE;
				CLANG_CXX_LANGUAGE_STANDARD = "gnu++14";
				CLANG_CXX_LIBRARY = "libc++";
				CLANG_ENABLE_MODULES = YES;
				CLANG_ENABLE_OBJC_ARC = YES;
				CLANG_ENABLE_OBJC_WEAK = YES;
				CLANG_WARN_BLOCK_CAPTURE_AUTORELEASING = YES;
				CLANG_WARN_BOOL_CONVERSION = YES;
				CLANG_WARN_COMMA = YES;
				CLANG_WARN_CONSTANT_CONVERSION = YES;
				CLANG_WARN_DEPRECATED_OBJC_IMPLEMENTATIONS = YES;
				CLANG_WARN_DIRECT_OBJC_ISA_USAGE = YES_ERROR;
				CLANG_WARN_DOCUMENTATION_COMMENTS = YES;
				CLANG_WARN_EMPTY_BODY = YES;
				CLANG_WARN_ENUM_CONVERSION = YES;
				CLANG_WARN_INFINITE_RECURSION = YES;
				CLANG_WARN_INT_CONVERSION = YES;
				CLANG_WARN_NON_LITERAL_NULL_CONVERSION = YES;
				CLANG_WARN_OBJC_IMPLICIT_RETAIN_SELF = YES;
				CLANG_WARN_OBJC_LITERAL_CONVERSION = YES;
				CLANG_WARN_OBJC_ROOT_CLASS = YES_ERROR;
				CLANG_WARN_RANGE_LOOP_ANALYSIS = YES;
				CLANG_WARN_STRICT_PROTOTYPES = YES;
				CLANG_WARN_SUSPICIOUS_MOVE = YES;
				CLANG_WARN_UNGUARDED_AVAILABILITY = YES_AGGRESSIVE;
				CLANG_WARN_UNREACHABLE_CODE = YES;
				CLANG_WARN__DUPLICATE_METHOD_MATCH = YES;
				CODE_SIGN_IDENTITY = "iPhone Developer";
				COPY_PHASE_STRIP = NO;
				DEBUG_INFORMATION_FORMAT = "dwarf-with-dsym";
				ENABLE_NS_ASSERTIONS = NO;
				ENABLE_STRICT_OBJC_MSGSEND = YES;
				GCC_C_LANGUAGE_STANDARD = gnu11;
				GCC_NO_COMMON_BLOCKS = YES;
				GCC_WARN_64_TO_32_BIT_CONVERSION = YES;
				GCC_WARN_ABOUT_RETURN_TYPE = YES_ERROR;
				GCC_WARN_UNDECLARED_SELECTOR = YES;
				GCC_WARN_UNINITIALIZED_AUTOS = YES_AGGRESSIVE;
				GCC_WARN_UNUSED_FUNCTION = YES;
				GCC_WARN_UNUSED_VARIABLE = YES;
				IPHONEOS_DEPLOYMENT_TARGET = 12.2;
				MTL_ENABLE_DEBUG_INFO = NO;
				MTL_FAST_MATH = YES;
				SDKROOT = iphoneos;
				SWIFT_COMPILATION_MODE = wholemodule;
				SWIFT_OPTIMIZATION_LEVEL = "-O";
				VALIDATE_PRODUCT = YES;
			};
			name = Release;
		};
		3FA3900B228624E900BFC118 /* Debug */ = {
			isa = XCBuildConfiguration;
			buildSettings = {
				ASSETCATALOG_COMPILER_APPICON_NAME = AppIcon;
				CODE_SIGN_STYLE = Automatic;
				DEVELOPMENT_TEAM = ZYUR4NT4F4;
				INFOPLIST_FILE = Homework/Info.plist;
				LD_RUNPATH_SEARCH_PATHS = (
					"$(inherited)",
					"@executable_path/Frameworks",
				);
				PRODUCT_BUNDLE_IDENTIFIER = JQ.Homework;
				PRODUCT_NAME = "$(TARGET_NAME)";
				SWIFT_VERSION = 5.0;
				TARGETED_DEVICE_FAMILY = "1,2";
			};
			name = Debug;
		};
		3FA3900C228624E900BFC118 /* Release */ = {
			isa = XCBuildConfiguration;
			buildSettings = {
				ASSETCATALOG_COMPILER_APPICON_NAME = AppIcon;
				CODE_SIGN_STYLE = Automatic;
				DEVELOPMENT_TEAM = ZYUR4NT4F4;
				INFOPLIST_FILE = Homework/Info.plist;
				LD_RUNPATH_SEARCH_PATHS = (
					"$(inherited)",
					"@executable_path/Frameworks",
				);
				PRODUCT_BUNDLE_IDENTIFIER = JQ.Homework;
				PRODUCT_NAME = "$(TARGET_NAME)";
				SWIFT_VERSION = 5.0;
				TARGETED_DEVICE_FAMILY = "1,2";
			};
			name = Release;
		};
		3FA3900E228624E900BFC118 /* Debug */ = {
			isa = XCBuildConfiguration;
			buildSettings = {
				ALWAYS_EMBED_SWIFT_STANDARD_LIBRARIES = YES;
				BUNDLE_LOADER = "$(TEST_HOST)";
				CODE_SIGN_STYLE = Automatic;
				INFOPLIST_FILE = HomeworkTests/Info.plist;
				LD_RUNPATH_SEARCH_PATHS = (
					"$(inherited)",
					"@executable_path/Frameworks",
					"@loader_path/Frameworks",
				);
				PRODUCT_BUNDLE_IDENTIFIER = JQ.HomeworkTests;
				PRODUCT_NAME = "$(TARGET_NAME)";
				SWIFT_VERSION = 5.0;
				TARGETED_DEVICE_FAMILY = "1,2";
				TEST_HOST = "$(BUILT_PRODUCTS_DIR)/Homework.app/Homework";
			};
			name = Debug;
		};
		3FA3900F228624E900BFC118 /* Release */ = {
			isa = XCBuildConfiguration;
			buildSettings = {
				ALWAYS_EMBED_SWIFT_STANDARD_LIBRARIES = YES;
				BUNDLE_LOADER = "$(TEST_HOST)";
				CODE_SIGN_STYLE = Automatic;
				INFOPLIST_FILE = HomeworkTests/Info.plist;
				LD_RUNPATH_SEARCH_PATHS = (
					"$(inherited)",
					"@executable_path/Frameworks",
					"@loader_path/Frameworks",
				);
				PRODUCT_BUNDLE_IDENTIFIER = JQ.HomeworkTests;
				PRODUCT_NAME = "$(TARGET_NAME)";
				SWIFT_VERSION = 5.0;
				TARGETED_DEVICE_FAMILY = "1,2";
				TEST_HOST = "$(BUILT_PRODUCTS_DIR)/Homework.app/Homework";
			};
			name = Release;
		};
		3FA39011228624E900BFC118 /* Debug */ = {
			isa = XCBuildConfiguration;
			buildSettings = {
				ALWAYS_EMBED_SWIFT_STANDARD_LIBRARIES = YES;
				CODE_SIGN_STYLE = Automatic;
				INFOPLIST_FILE = HomeworkUITests/Info.plist;
				LD_RUNPATH_SEARCH_PATHS = (
					"$(inherited)",
					"@executable_path/Frameworks",
					"@loader_path/Frameworks",
				);
				PRODUCT_BUNDLE_IDENTIFIER = JQ.HomeworkUITests;
				PRODUCT_NAME = "$(TARGET_NAME)";
				SWIFT_VERSION = 5.0;
				TARGETED_DEVICE_FAMILY = "1,2";
				TEST_TARGET_NAME = Homework;
			};
			name = Debug;
		};
		3FA39012228624E900BFC118 /* Release */ = {
			isa = XCBuildConfiguration;
			buildSettings = {
				ALWAYS_EMBED_SWIFT_STANDARD_LIBRARIES = YES;
				CODE_SIGN_STYLE = Automatic;
				INFOPLIST_FILE = HomeworkUITests/Info.plist;
				LD_RUNPATH_SEARCH_PATHS = (
					"$(inherited)",
					"@executable_path/Frameworks",
					"@loader_path/Frameworks",
				);
				PRODUCT_BUNDLE_IDENTIFIER = JQ.HomeworkUITests;
				PRODUCT_NAME = "$(TARGET_NAME)";
				SWIFT_VERSION = 5.0;
				TARGETED_DEVICE_FAMILY = "1,2";
				TEST_TARGET_NAME = Homework;
			};
			name = Release;
		};
/* End XCBuildConfiguration section */

/* Begin XCConfigurationList section */
		3FA38FDD228624E700BFC118 /* Build configuration list for PBXProject "Homework" */ = {
			isa = XCConfigurationList;
			buildConfigurations = (
				3FA39008228624E900BFC118 /* Debug */,
				3FA39009228624E900BFC118 /* Release */,
			);
			defaultConfigurationIsVisible = 0;
			defaultConfigurationName = Release;
		};
		3FA3900A228624E900BFC118 /* Build configuration list for PBXNativeTarget "Homework" */ = {
			isa = XCConfigurationList;
			buildConfigurations = (
				3FA3900B228624E900BFC118 /* Debug */,
				3FA3900C228624E900BFC118 /* Release */,
			);
			defaultConfigurationIsVisible = 0;
			defaultConfigurationName = Release;
		};
		3FA3900D228624E900BFC118 /* Build configuration list for PBXNativeTarget "HomeworkTests" */ = {
			isa = XCConfigurationList;
			buildConfigurations = (
				3FA3900E228624E900BFC118 /* Debug */,
				3FA3900F228624E900BFC118 /* Release */,
			);
			defaultConfigurationIsVisible = 0;
			defaultConfigurationName = Release;
		};
		3FA39010228624E900BFC118 /* Build configuration list for PBXNativeTarget "HomeworkUITests" */ = {
			isa = XCConfigurationList;
			buildConfigurations = (
				3FA39011228624E900BFC118 /* Debug */,
				3FA39012228624E900BFC118 /* Release */,
			);
			defaultConfigurationIsVisible = 0;
			defaultConfigurationName = Release;
		};
/* End XCConfigurationList section */

/* Begin XCVersionGroup section */
		3F83383822934EEF00BAFA4F /* Homework.xcdatamodeld */ = {
			isa = XCVersionGroup;
			children = (
				3F83383922934EEF00BAFA4F /* Homework.xcdatamodel */,
			);
			currentVersion = 3F83383922934EEF00BAFA4F /* Homework.xcdatamodel */;
			path = Homework.xcdatamodeld;
			sourceTree = "<group>";
			versionGroupType = wrapper.xcdatamodel;
		};
/* End XCVersionGroup section */
	};
	rootObject = 3FA38FDA228624E700BFC118 /* Project object */;
}
